
Microsoft Visual Studio Solution File, Format Version 12.00
# Visual Studio 15
VisualStudioVersion = 15.0.28307.421
MinimumVisualStudioVersion = 10.0.40219.1
Project("{FAE04EC0-301F-11D3-BF4B-00C04F79EFBC}") = "Versiones.Android", "Versiones\Versiones.Android\Versiones.Android.csproj", "{88E02036-DF49-4FFA-8D38-B349828BD0C6}"
EndProject
Project("{FAE04EC0-301F-11D3-BF4B-00C04F79EFBC}") = "Versiones.iOS", "Versiones\Versiones.iOS\Versiones.iOS.csproj", "{4905A26F-F1AE-4F75-A577-D7A0E0EA1CD6}"
EndProject
Project("{FAE04EC0-301F-11D3-BF4B-00C04F79EFBC}") = "Versiones.UWP", "Versiones\Versiones.UWP\Versiones.UWP.csproj", "{F3447FAC-6BE0-4D4A-9878-D79CDB4931B2}"
EndProject
Project("{FAE04EC0-301F-11D3-BF4B-00C04F79EFBC}") = "Versiones", "Versiones\Versiones\Versiones.csproj", "{7AB52047-8E7E-4B62-AD13-197BE7002D9E}"
EndProject
Global
	GlobalSection(SolutionConfigurationPlatforms) = preSolution
		Ad-Hoc|Any CPU = Ad-Hoc|Any CPU
		Ad-Hoc|ARM = Ad-Hoc|ARM
		Ad-Hoc|iPhone = Ad-Hoc|iPhone
		Ad-Hoc|iPhoneSimulator = Ad-Hoc|iPhoneSimulator
		Ad-Hoc|x64 = Ad-Hoc|x64
		Ad-Hoc|x86 = Ad-Hoc|x86
		AppStore|Any CPU = AppStore|Any CPU
		AppStore|ARM = AppStore|ARM
		AppStore|iPhone = AppStore|iPhone
		AppStore|iPhoneSimulator = AppStore|iPhoneSimulator
		AppStore|x64 = AppStore|x64
		AppStore|x86 = AppStore|x86
		Debug|Any CPU = Debug|Any CPU
		Debug|ARM = Debug|ARM
		Debug|iPhone = Debug|iPhone
		Debug|iPhoneSimulator = Debug|iPhoneSimulator
		Debug|x64 = Debug|x64
		Debug|x86 = Debug|x86
		Release|Any CPU = Release|Any CPU
		Release|ARM = Release|ARM
		Release|iPhone = Release|iPhone
		Release|iPhoneSimulator = Release|iPhoneSimulator
		Release|x64 = Release|x64
		Release|x86 = Release|x86
	EndGlobalSection
	GlobalSection(ProjectConfigurationPlatforms) = postSolution
		{88E02036-DF49-4FFA-8D38-B349828BD0C6}.Ad-Hoc|Any CPU.ActiveCfg = Release|Any CPU
		{88E02036-DF49-4FFA-8D38-B349828BD0C6}.Ad-Hoc|Any CPU.Build.0 = Release|Any CPU
		{88E02036-DF49-4FFA-8D38-B349828BD0C6}.Ad-Hoc|Any CPU.Deploy.0 = Release|Any CPU
		{88E02036-DF49-4FFA-8D38-B349828BD0C6}.Ad-Hoc|ARM.ActiveCfg = Release|Any CPU
		{88E02036-DF49-4FFA-8D38-B349828BD0C6}.Ad-Hoc|ARM.Build.0 = Release|Any CPU
		{88E02036-DF49-4FFA-8D38-B349828BD0C6}.Ad-Hoc|ARM.Deploy.0 = Release|Any CPU
		{88E02036-DF49-4FFA-8D38-B349828BD0C6}.Ad-Hoc|iPhone.ActiveCfg = Release|Any CPU
		{88E02036-DF49-4FFA-8D38-B349828BD0C6}.Ad-Hoc|iPhone.Build.0 = Release|Any CPU
		{88E02036-DF49-4FFA-8D38-B349828BD0C6}.Ad-Hoc|iPhone.Deploy.0 = Release|Any CPU
		{88E02036-DF49-4FFA-8D38-B349828BD0C6}.Ad-Hoc|iPhoneSimulator.ActiveCfg = Release|Any CPU
		{88E02036-DF49-4FFA-8D38-B349828BD0C6}.Ad-Hoc|iPhoneSimulator.Build.0 = Release|Any CPU
		{88E02036-DF49-4FFA-8D38-B349828BD0C6}.Ad-Hoc|iPhoneSimulator.Deploy.0 = Release|Any CPU
		{88E02036-DF49-4FFA-8D38-B349828BD0C6}.Ad-Hoc|x64.ActiveCfg = Release|Any CPU
		{88E02036-DF49-4FFA-8D38-B349828BD0C6}.Ad-Hoc|x64.Build.0 = Release|Any CPU
		{88E02036-DF49-4FFA-8D38-B349828BD0C6}.Ad-Hoc|x64.Deploy.0 = Release|Any CPU
		{88E02036-DF49-4FFA-8D38-B349828BD0C6}.Ad-Hoc|x86.ActiveCfg = Release|Any CPU
		{88E02036-DF49-4FFA-8D38-B349828BD0C6}.Ad-Hoc|x86.Build.0 = Release|Any CPU
		{88E02036-DF49-4FFA-8D38-B349828BD0C6}.Ad-Hoc|x86.Deploy.0 = Release|Any CPU
		{88E02036-DF49-4FFA-8D38-B349828BD0C6}.AppStore|Any CPU.ActiveCfg = Release|Any CPU
		{88E02036-DF49-4FFA-8D38-B349828BD0C6}.AppStore|Any CPU.Build.0 = Release|Any CPU
		{88E02036-DF49-4FFA-8D38-B349828BD0C6}.AppStore|Any CPU.Deploy.0 = Release|Any CPU
		{88E02036-DF49-4FFA-8D38-B349828BD0C6}.AppStore|ARM.ActiveCfg = Release|Any CPU
		{88E02036-DF49-4FFA-8D38-B349828BD0C6}.AppStore|ARM.Build.0 = Release|Any CPU
		{88E02036-DF49-4FFA-8D38-B349828BD0C6}.AppStore|ARM.Deploy.0 = Release|Any CPU
		{88E02036-DF49-4FFA-8D38-B349828BD0C6}.AppStore|iPhone.ActiveCfg = Release|Any CPU
		{88E02036-DF49-4FFA-8D38-B349828BD0C6}.AppStore|iPhone.Build.0 = Release|Any CPU
		{88E02036-DF49-4FFA-8D38-B349828BD0C6}.AppStore|iPhone.Deploy.0 = Release|Any CPU
		{88E02036-DF49-4FFA-8D38-B349828BD0C6}.AppStore|iPhoneSimulator.ActiveCfg = Release|Any CPU
		{88E02036-DF49-4FFA-8D38-B349828BD0C6}.AppStore|iPhoneSimulator.Build.0 = Release|Any CPU
		{88E02036-DF49-4FFA-8D38-B349828BD0C6}.AppStore|iPhoneSimulator.Deploy.0 = Release|Any CPU
		{88E02036-DF49-4FFA-8D38-B349828BD0C6}.AppStore|x64.ActiveCfg = Release|Any CPU
		{88E02036-DF49-4FFA-8D38-B349828BD0C6}.AppStore|x64.Build.0 = Release|Any CPU
		{88E02036-DF49-4FFA-8D38-B349828BD0C6}.AppStore|x64.Deploy.0 = Release|Any CPU
		{88E02036-DF49-4FFA-8D38-B349828BD0C6}.AppStore|x86.ActiveCfg = Release|Any CPU
		{88E02036-DF49-4FFA-8D38-B349828BD0C6}.AppStore|x86.Build.0 = Release|Any CPU
		{88E02036-DF49-4FFA-8D38-B349828BD0C6}.AppStore|x86.Deploy.0 = Release|Any CPU
		{88E02036-DF49-4FFA-8D38-B349828BD0C6}.Debug|Any CPU.ActiveCfg = Debug|Any CPU
		{88E02036-DF49-4FFA-8D38-B349828BD0C6}.Debug|Any CPU.Build.0 = Debug|Any CPU
		{88E02036-DF49-4FFA-8D38-B349828BD0C6}.Debug|Any CPU.Deploy.0 = Debug|Any CPU
		{88E02036-DF49-4FFA-8D38-B349828BD0C6}.Debug|ARM.ActiveCfg = Debug|Any CPU
		{88E02036-DF49-4FFA-8D38-B349828BD0C6}.Debug|ARM.Build.0 = Debug|Any CPU
		{88E02036-DF49-4FFA-8D38-B349828BD0C6}.Debug|ARM.Deploy.0 = Debug|Any CPU
		{88E02036-DF49-4FFA-8D38-B349828BD0C6}.Debug|iPhone.ActiveCfg = Debug|Any CPU
		{88E02036-DF49-4FFA-8D38-B349828BD0C6}.Debug|iPhone.Build.0 = Debug|Any CPU
		{88E02036-DF49-4FFA-8D38-B349828BD0C6}.Debug|iPhone.Deploy.0 = Debug|Any CPU
		{88E02036-DF49-4FFA-8D38-B349828BD0C6}.Debug|iPhoneSimulator.ActiveCfg = Debug|Any CPU
		{88E02036-DF49-4FFA-8D38-B349828BD0C6}.Debug|iPhoneSimulator.Build.0 = Debug|Any CPU
		{88E02036-DF49-4FFA-8D38-B349828BD0C6}.Debug|iPhoneSimulator.Deploy.0 = Debug|Any CPU
		{88E02036-DF49-4FFA-8D38-B349828BD0C6}.Debug|x64.ActiveCfg = Debug|Any CPU
		{88E02036-DF49-4FFA-8D38-B349828BD0C6}.Debug|x64.Build.0 = Debug|Any CPU
		{88E02036-DF49-4FFA-8D38-B349828BD0C6}.Debug|x64.Deploy.0 = Debug|Any CPU
		{88E02036-DF49-4FFA-8D38-B349828BD0C6}.Debug|x86.ActiveCfg = Debug|Any CPU
		{88E02036-DF49-4FFA-8D38-B349828BD0C6}.Debug|x86.Build.0 = Debug|Any CPU
		{88E02036-DF49-4FFA-8D38-B349828BD0C6}.Debug|x86.Deploy.0 = Debug|Any CPU
		{88E02036-DF49-4FFA-8D38-B349828BD0C6}.Release|Any CPU.ActiveCfg = Release|Any CPU
		{88E02036-DF49-4FFA-8D38-B349828BD0C6}.Release|Any CPU.Build.0 = Release|Any CPU
		{88E02036-DF49-4FFA-8D38-B349828BD0C6}.Release|Any CPU.Deploy.0 = Release|Any CPU
		{88E02036-DF49-4FFA-8D38-B349828BD0C6}.Release|ARM.ActiveCfg = Release|Any CPU
		{88E02036-DF49-4FFA-8D38-B349828BD0C6}.Release|ARM.Build.0 = Release|Any CPU
		{88E02036-DF49-4FFA-8D38-B349828BD0C6}.Release|ARM.Deploy.0 = Release|Any CPU
		{88E02036-DF49-4FFA-8D38-B349828BD0C6}.Release|iPhone.ActiveCfg = Release|Any CPU
		{88E02036-DF49-4FFA-8D38-B349828BD0C6}.Release|iPhone.Build.0 = Release|Any CPU
		{88E02036-DF49-4FFA-8D38-B349828BD0C6}.Release|iPhone.Deploy.0 = Release|Any CPU
		{88E02036-DF49-4FFA-8D38-B349828BD0C6}.Release|iPhoneSimulator.ActiveCfg = Release|Any CPU
		{88E02036-DF49-4FFA-8D38-B349828BD0C6}.Release|iPhoneSimulator.Build.0 = Release|Any CPU
		{88E02036-DF49-4FFA-8D38-B349828BD0C6}.Release|iPhoneSimulator.Deploy.0 = Release|Any CPU
		{88E02036-DF49-4FFA-8D38-B349828BD0C6}.Release|x64.ActiveCfg = Release|Any CPU
		{88E02036-DF49-4FFA-8D38-B349828BD0C6}.Release|x64.Build.0 = Release|Any CPU
		{88E02036-DF49-4FFA-8D38-B349828BD0C6}.Release|x64.Deploy.0 = Release|Any CPU
		{88E02036-DF49-4FFA-8D38-B349828BD0C6}.Release|x86.ActiveCfg = Release|Any CPU
		{88E02036-DF49-4FFA-8D38-B349828BD0C6}.Release|x86.Build.0 = Release|Any CPU
		{88E02036-DF49-4FFA-8D38-B349828BD0C6}.Release|x86.Deploy.0 = Release|Any CPU
		{4905A26F-F1AE-4F75-A577-D7A0E0EA1CD6}.Ad-Hoc|Any CPU.ActiveCfg = Ad-Hoc|iPhone
		{4905A26F-F1AE-4F75-A577-D7A0E0EA1CD6}.Ad-Hoc|Any CPU.Build.0 = Ad-Hoc|iPhone
		{4905A26F-F1AE-4F75-A577-D7A0E0EA1CD6}.Ad-Hoc|Any CPU.Deploy.0 = Ad-Hoc|iPhone
		{4905A26F-F1AE-4F75-A577-D7A0E0EA1CD6}.Ad-Hoc|ARM.ActiveCfg = Ad-Hoc|iPhone
		{4905A26F-F1AE-4F75-A577-D7A0E0EA1CD6}.Ad-Hoc|ARM.Build.0 = Ad-Hoc|iPhone
		{4905A26F-F1AE-4F75-A577-D7A0E0EA1CD6}.Ad-Hoc|ARM.Deploy.0 = Ad-Hoc|iPhone
		{4905A26F-F1AE-4F75-A577-D7A0E0EA1CD6}.Ad-Hoc|iPhone.ActiveCfg = Ad-Hoc|iPhone
		{4905A26F-F1AE-4F75-A577-D7A0E0EA1CD6}.Ad-Hoc|iPhone.Build.0 = Ad-Hoc|iPhone
		{4905A26F-F1AE-4F75-A577-D7A0E0EA1CD6}.Ad-Hoc|iPhone.Deploy.0 = Ad-Hoc|iPhone
		{4905A26F-F1AE-4F75-A577-D7A0E0EA1CD6}.Ad-Hoc|iPhoneSimulator.ActiveCfg = Ad-Hoc|iPhoneSimulator
		{4905A26F-F1AE-4F75-A577-D7A0E0EA1CD6}.Ad-Hoc|iPhoneSimulator.Build.0 = Ad-Hoc|iPhoneSimulator
		{4905A26F-F1AE-4F75-A577-D7A0E0EA1CD6}.Ad-Hoc|iPhoneSimulator.Deploy.0 = Ad-Hoc|iPhoneSimulator
		{4905A26F-F1AE-4F75-A577-D7A0E0EA1CD6}.Ad-Hoc|x64.ActiveCfg = Ad-Hoc|iPhone
		{4905A26F-F1AE-4F75-A577-D7A0E0EA1CD6}.Ad-Hoc|x64.Build.0 = Ad-Hoc|iPhone
		{4905A26F-F1AE-4F75-A577-D7A0E0EA1CD6}.Ad-Hoc|x64.Deploy.0 = Ad-Hoc|iPhone
		{4905A26F-F1AE-4F75-A577-D7A0E0EA1CD6}.Ad-Hoc|x86.ActiveCfg = Ad-Hoc|iPhone
		{4905A26F-F1AE-4F75-A577-D7A0E0EA1CD6}.Ad-Hoc|x86.Build.0 = Ad-Hoc|iPhone
		{4905A26F-F1AE-4F75-A577-D7A0E0EA1CD6}.Ad-Hoc|x86.Deploy.0 = Ad-Hoc|iPhone
		{4905A26F-F1AE-4F75-A577-D7A0E0EA1CD6}.AppStore|Any CPU.ActiveCfg = AppStore|iPhone
		{4905A26F-F1AE-4F75-A577-D7A0E0EA1CD6}.AppStore|Any CPU.Build.0 = AppStore|iPhone
		{4905A26F-F1AE-4F75-A577-D7A0E0EA1CD6}.AppStore|Any CPU.Deploy.0 = AppStore|iPhone
		{4905A26F-F1AE-4F75-A577-D7A0E0EA1CD6}.AppStore|ARM.ActiveCfg = AppStore|iPhone
		{4905A26F-F1AE-4F75-A577-D7A0E0EA1CD6}.AppStore|ARM.Build.0 = AppStore|iPhone
		{4905A26F-F1AE-4F75-A577-D7A0E0EA1CD6}.AppStore|ARM.Deploy.0 = AppStore|iPhone
		{4905A26F-F1AE-4F75-A577-D7A0E0EA1CD6}.AppStore|iPhone.ActiveCfg = AppStore|iPhone
		{4905A26F-F1AE-4F75-A577-D7A0E0EA1CD6}.AppStore|iPhone.Build.0 = AppStore|iPhone
		{4905A26F-F1AE-4F75-A577-D7A0E0EA1CD6}.AppStore|iPhone.Deploy.0 = AppStore|iPhone
		{4905A26F-F1AE-4F75-A577-D7A0E0EA1CD6}.AppStore|iPhoneSimulator.ActiveCfg = AppStore|iPhoneSimulator
		{4905A26F-F1AE-4F75-A577-D7A0E0EA1CD6}.AppStore|iPhoneSimulator.Build.0 = AppStore|iPhoneSimulator
		{4905A26F-F1AE-4F75-A577-D7A0E0EA1CD6}.AppStore|iPhoneSimulator.Deploy.0 = AppStore|iPhoneSimulator
		{4905A26F-F1AE-4F75-A577-D7A0E0EA1CD6}.AppStore|x64.ActiveCfg = AppStore|iPhone
		{4905A26F-F1AE-4F75-A577-D7A0E0EA1CD6}.AppStore|x64.Build.0 = AppStore|iPhone
		{4905A26F-F1AE-4F75-A577-D7A0E0EA1CD6}.AppStore|x64.Deploy.0 = AppStore|iPhone
		{4905A26F-F1AE-4F75-A577-D7A0E0EA1CD6}.AppStore|x86.ActiveCfg = AppStore|iPhone
		{4905A26F-F1AE-4F75-A577-D7A0E0EA1CD6}.AppStore|x86.Build.0 = AppStore|iPhone
		{4905A26F-F1AE-4F75-A577-D7A0E0EA1CD6}.AppStore|x86.Deploy.0 = AppStore|iPhone
		{4905A26F-F1AE-4F75-A577-D7A0E0EA1CD6}.Debug|Any CPU.ActiveCfg = Debug|iPhoneSimulator
		{4905A26F-F1AE-4F75-A577-D7A0E0EA1CD6}.Debug|Any CPU.Build.0 = Debug|iPhoneSimulator
		{4905A26F-F1AE-4F75-A577-D7A0E0EA1CD6}.Debug|Any CPU.Deploy.0 = Debug|iPhoneSimulator
		{4905A26F-F1AE-4F75-A577-D7A0E0EA1CD6}.Debug|ARM.ActiveCfg = Debug|iPhone
		{4905A26F-F1AE-4F75-A577-D7A0E0EA1CD6}.Debug|ARM.Build.0 = Debug|iPhone
		{4905A26F-F1AE-4F75-A577-D7A0E0EA1CD6}.Debug|ARM.Deploy.0 = Debug|iPhone
		{4905A26F-F1AE-4F75-A577-D7A0E0EA1CD6}.Debug|iPhone.ActiveCfg = Debug|iPhone
		{4905A26F-F1AE-4F75-A577-D7A0E0EA1CD6}.Debug|iPhone.Build.0 = Debug|iPhone
		{4905A26F-F1AE-4F75-A577-D7A0E0EA1CD6}.Debug|iPhone.Deploy.0 = Debug|iPhone
		{4905A26F-F1AE-4F75-A577-D7A0E0EA1CD6}.Debug|iPhoneSimulator.ActiveCfg = Debug|iPhoneSimulator
		{4905A26F-F1AE-4F75-A577-D7A0E0EA1CD6}.Debug|iPhoneSimulator.Build.0 = Debug|iPhoneSimulator
		{4905A26F-F1AE-4F75-A577-D7A0E0EA1CD6}.Debug|iPhoneSimulator.Deploy.0 = Debug|iPhoneSimulator
		{4905A26F-F1AE-4F75-A577-D7A0E0EA1CD6}.Debug|x64.ActiveCfg = Debug|iPhone
		{4905A26F-F1AE-4F75-A577-D7A0E0EA1CD6}.Debug|x64.Build.0 = Debug|iPhone
		{4905A26F-F1AE-4F75-A577-D7A0E0EA1CD6}.Debug|x64.Deploy.0 = Debug|iPhone
		{4905A26F-F1AE-4F75-A577-D7A0E0EA1CD6}.Debug|x86.ActiveCfg = Debug|iPhone
		{4905A26F-F1AE-4F75-A577-D7A0E0EA1CD6}.Debug|x86.Build.0 = Debug|iPhone
		{4905A26F-F1AE-4F75-A577-D7A0E0EA1CD6}.Debug|x86.Deploy.0 = Debug|iPhone
		{4905A26F-F1AE-4F75-A577-D7A0E0EA1CD6}.Release|Any CPU.ActiveCfg = Release|iPhone
		{4905A26F-F1AE-4F75-A577-D7A0E0EA1CD6}.Release|Any CPU.Build.0 = Release|iPhone
		{4905A26F-F1AE-4F75-A577-D7A0E0EA1CD6}.Release|Any CPU.Deploy.0 = Release|iPhone
		{4905A26F-F1AE-4F75-A577-D7A0E0EA1CD6}.Release|ARM.ActiveCfg = Release|iPhone
		{4905A26F-F1AE-4F75-A577-D7A0E0EA1CD6}.Release|ARM.Build.0 = Release|iPhone
		{4905A26F-F1AE-4F75-A577-D7A0E0EA1CD6}.Release|ARM.Deploy.0 = Release|iPhone
		{4905A26F-F1AE-4F75-A577-D7A0E0EA1CD6}.Release|iPhone.ActiveCfg = Release|iPhone
		{4905A26F-F1AE-4F75-A577-D7A0E0EA1CD6}.Release|iPhone.Build.0 = Release|iPhone
		{4905A26F-F1AE-4F75-A577-D7A0E0EA1CD6}.Release|iPhone.Deploy.0 = Release|iPhone
		{4905A26F-F1AE-4F75-A577-D7A0E0EA1CD6}.Release|iPhoneSimulator.ActiveCfg = Release|iPhoneSimulator
		{4905A26F-F1AE-4F75-A577-D7A0E0EA1CD6}.Release|iPhoneSimulator.Build.0 = Release|iPhoneSimulator
		{4905A26F-F1AE-4F75-A577-D7A0E0EA1CD6}.Release|iPhoneSimulator.Deploy.0 = Release|iPhoneSimulator
		{4905A26F-F1AE-4F75-A577-D7A0E0EA1CD6}.Release|x64.ActiveCfg = Release|iPhone
		{4905A26F-F1AE-4F75-A577-D7A0E0EA1CD6}.Release|x64.Build.0 = Release|iPhone
		{4905A26F-F1AE-4F75-A577-D7A0E0EA1CD6}.Release|x64.Deploy.0 = Release|iPhone
		{4905A26F-F1AE-4F75-A577-D7A0E0EA1CD6}.Release|x86.ActiveCfg = Release|iPhone
		{4905A26F-F1AE-4F75-A577-D7A0E0EA1CD6}.Release|x86.Build.0 = Release|iPhone
		{4905A26F-F1AE-4F75-A577-D7A0E0EA1CD6}.Release|x86.Deploy.0 = Release|iPhone
		{F3447FAC-6BE0-4D4A-9878-D79CDB4931B2}.Ad-Hoc|Any CPU.ActiveCfg = Release|x86
		{F3447FAC-6BE0-4D4A-9878-D79CDB4931B2}.Ad-Hoc|Any CPU.Build.0 = Release|x86
		{F3447FAC-6BE0-4D4A-9878-D79CDB4931B2}.Ad-Hoc|Any CPU.Deploy.0 = Release|x86
		{F3447FAC-6BE0-4D4A-9878-D79CDB4931B2}.Ad-Hoc|ARM.ActiveCfg = Release|ARM
		{F3447FAC-6BE0-4D4A-9878-D79CDB4931B2}.Ad-Hoc|ARM.Build.0 = Release|ARM
		{F3447FAC-6BE0-4D4A-9878-D79CDB4931B2}.Ad-Hoc|ARM.Deploy.0 = Release|ARM
		{F3447FAC-6BE0-4D4A-9878-D79CDB4931B2}.Ad-Hoc|iPhone.ActiveCfg = Release|x86
		{F3447FAC-6BE0-4D4A-9878-D79CDB4931B2}.Ad-Hoc|iPhone.Build.0 = Release|x86
		{F3447FAC-6BE0-4D4A-9878-D79CDB4931B2}.Ad-Hoc|iPhone.Deploy.0 = Release|x86
		{F3447FAC-6BE0-4D4A-9878-D79CDB4931B2}.Ad-Hoc|iPhoneSimulator.ActiveCfg = Release|x86
		{F3447FAC-6BE0-4D4A-9878-D79CDB4931B2}.Ad-Hoc|iPhoneSimulator.Build.0 = Release|x86
		{F3447FAC-6BE0-4D4A-9878-D79CDB4931B2}.Ad-Hoc|iPhoneSimulator.Deploy.0 = Release|x86
		{F3447FAC-6BE0-4D4A-9878-D79CDB4931B2}.Ad-Hoc|x64.ActiveCfg = Release|x64
		{F3447FAC-6BE0-4D4A-9878-D79CDB4931B2}.Ad-Hoc|x64.Build.0 = Release|x64
		{F3447FAC-6BE0-4D4A-9878-D79CDB4931B2}.Ad-Hoc|x64.Deploy.0 = Release|x64
		{F3447FAC-6BE0-4D4A-9878-D79CDB4931B2}.Ad-Hoc|x86.ActiveCfg = Release|x86
		{F3447FAC-6BE0-4D4A-9878-D79CDB4931B2}.Ad-Hoc|x86.Build.0 = Release|x86
		{F3447FAC-6BE0-4D4A-9878-D79CDB4931B2}.Ad-Hoc|x86.Deploy.0 = Release|x86
		{F3447FAC-6BE0-4D4A-9878-D79CDB4931B2}.AppStore|Any CPU.ActiveCfg = Release|x86
		{F3447FAC-6BE0-4D4A-9878-D79CDB4931B2}.AppStore|Any CPU.Build.0 = Release|x86
		{F3447FAC-6BE0-4D4A-9878-D79CDB4931B2}.AppStore|Any CPU.Deploy.0 = Release|x86
		{F3447FAC-6BE0-4D4A-9878-D79CDB4931B2}.AppStore|ARM.ActiveCfg = Release|ARM
		{F3447FAC-6BE0-4D4A-9878-D79CDB4931B2}.AppStore|ARM.Build.0 = Release|ARM
		{F3447FAC-6BE0-4D4A-9878-D79CDB4931B2}.AppStore|ARM.Deploy.0 = Release|ARM
		{F3447FAC-6BE0-4D4A-9878-D79CDB4931B2}.AppStore|iPhone.ActiveCfg = Release|x86
		{F3447FAC-6BE0-4D4A-9878-D79CDB4931B2}.AppStore|iPhone.Build.0 = Release|x86
		{F3447FAC-6BE0-4D4A-9878-D79CDB4931B2}.AppStore|iPhone.Deploy.0 = Release|x86
		{F3447FAC-6BE0-4D4A-9878-D79CDB4931B2}.AppStore|iPhoneSimulator.ActiveCfg = Release|x86
		{F3447FAC-6BE0-4D4A-9878-D79CDB4931B2}.AppStore|iPhoneSimulator.Build.0 = Release|x86
		{F3447FAC-6BE0-4D4A-9878-D79CDB4931B2}.AppStore|iPhoneSimulator.Deploy.0 = Release|x86
		{F3447FAC-6BE0-4D4A-9878-D79CDB4931B2}.AppStore|x64.ActiveCfg = Release|x64
		{F3447FAC-6BE0-4D4A-9878-D79CDB4931B2}.AppStore|x64.Build.0 = Release|x64
		{F3447FAC-6BE0-4D4A-9878-D79CDB4931B2}.AppStore|x64.Deploy.0 = Release|x64
		{F3447FAC-6BE0-4D4A-9878-D79CDB4931B2}.AppStore|x86.ActiveCfg = Release|x86
		{F3447FAC-6BE0-4D4A-9878-D79CDB4931B2}.AppStore|x86.Build.0 = Release|x86
		{F3447FAC-6BE0-4D4A-9878-D79CDB4931B2}.AppStore|x86.Deploy.0 = Release|x86
		{F3447FAC-6BE0-4D4A-9878-D79CDB4931B2}.Debug|Any CPU.ActiveCfg = Debug|x86
		{F3447FAC-6BE0-4D4A-9878-D79CDB4931B2}.Debug|Any CPU.Build.0 = Debug|x86
		{F3447FAC-6BE0-4D4A-9878-D79CDB4931B2}.Debug|Any CPU.Deploy.0 = Debug|x86
		{F3447FAC-6BE0-4D4A-9878-D79CDB4931B2}.Debug|ARM.ActiveCfg = Debug|ARM
		{F3447FAC-6BE0-4D4A-9878-D79CDB4931B2}.Debug|ARM.Build.0 = Debug|ARM
		{F3447FAC-6BE0-4D4A-9878-D79CDB4931B2}.Debug|ARM.Deploy.0 = Debug|ARM
		{F3447FAC-6BE0-4D4A-9878-D79CDB4931B2}.Debug|iPhone.ActiveCfg = Debug|x86
		{F3447FAC-6BE0-4D4A-9878-D79CDB4931B2}.Debug|iPhone.Build.0 = Debug|x86
		{F3447FAC-6BE0-4D4A-9878-D79CDB4931B2}.Debug|iPhone.Deploy.0 = Debug|x86
		{F3447FAC-6BE0-4D4A-9878-D79CDB4931B2}.Debug|iPhoneSimulator.ActiveCfg = Debug|x86
		{F3447FAC-6BE0-4D4A-9878-D79CDB4931B2}.Debug|iPhoneSimulator.Build.0 = Debug|x86
		{F3447FAC-6BE0-4D4A-9878-D79CDB4931B2}.Debug|iPhoneSimulator.Deploy.0 = Debug|x86
		{F3447FAC-6BE0-4D4A-9878-D79CDB4931B2}.Debug|x64.ActiveCfg = Debug|x64
		{F3447FAC-6BE0-4D4A-9878-D79CDB4931B2}.Debug|x64.Build.0 = Debug|x64
		{F3447FAC-6BE0-4D4A-9878-D79CDB4931B2}.Debug|x64.Deploy.0 = Debug|x64
		{F3447FAC-6BE0-4D4A-9878-D79CDB4931B2}.Debug|x86.ActiveCfg = Debug|x86
		{F3447FAC-6BE0-4D4A-9878-D79CDB4931B2}.Debug|x86.Build.0 = Debug|x86
		{F3447FAC-6BE0-4D4A-9878-D79CDB4931B2}.Debug|x86.Deploy.0 = Debug|x86
		{F3447FAC-6BE0-4D4A-9878-D79CDB4931B2}.Release|Any CPU.ActiveCfg = Release|x86
		{F3447FAC-6BE0-4D4A-9878-D79CDB4931B2}.Release|Any CPU.Build.0 = Release|x86
		{F3447FAC-6BE0-4D4A-9878-D79CDB4931B2}.Release|Any CPU.Deploy.0 = Release|x86
		{F3447FAC-6BE0-4D4A-9878-D79CDB4931B2}.Release|ARM.ActiveCfg = Release|ARM
		{F3447FAC-6BE0-4D4A-9878-D79CDB4931B2}.Release|ARM.Build.0 = Release|ARM
		{F3447FAC-6BE0-4D4A-9878-D79CDB4931B2}.Release|ARM.Deploy.0 = Release|ARM
		{F3447FAC-6BE0-4D4A-9878-D79CDB4931B2}.Release|iPhone.ActiveCfg = Release|x86
		{F3447FAC-6BE0-4D4A-9878-D79CDB4931B2}.Release|iPhone.Build.0 = Release|x86
		{F3447FAC-6BE0-4D4A-9878-D79CDB4931B2}.Release|iPhone.Deploy.0 = Release|x86
		{F3447FAC-6BE0-4D4A-9878-D79CDB4931B2}.Release|iPhoneSimulator.ActiveCfg = Release|x86
		{F3447FAC-6BE0-4D4A-9878-D79CDB4931B2}.Release|iPhoneSimulator.Build.0 = Release|x86
		{F3447FAC-6BE0-4D4A-9878-D79CDB4931B2}.Release|iPhoneSimulator.Deploy.0 = Release|x86
		{F3447FAC-6BE0-4D4A-9878-D79CDB4931B2}.Release|x64.ActiveCfg = Release|x64
		{F3447FAC-6BE0-4D4A-9878-D79CDB4931B2}.Release|x64.Build.0 = Release|x64
		{F3447FAC-6BE0-4D4A-9878-D79CDB4931B2}.Release|x64.Deploy.0 = Release|x64
		{F3447FAC-6BE0-4D4A-9878-D79CDB4931B2}.Release|x86.ActiveCfg = Release|x86
		{F3447FAC-6BE0-4D4A-9878-D79CDB4931B2}.Release|x86.Build.0 = Release|x86
		{F3447FAC-6BE0-4D4A-9878-D79CDB4931B2}.Release|x86.Deploy.0 = Release|x86
		{7AB52047-8E7E-4B62-AD13-197BE7002D9E}.Ad-Hoc|Any CPU.ActiveCfg = Debug|Any CPU
		{7AB52047-8E7E-4B62-AD13-197BE7002D9E}.Ad-Hoc|Any CPU.Build.0 = Debug|Any CPU
		{7AB52047-8E7E-4B62-AD13-197BE7002D9E}.Ad-Hoc|Any CPU.Deploy.0 = Debug|Any CPU
		{7AB52047-8E7E-4B62-AD13-197BE7002D9E}.Ad-Hoc|ARM.ActiveCfg = Debug|Any CPU
		{7AB52047-8E7E-4B62-AD13-197BE7002D9E}.Ad-Hoc|ARM.Build.0 = Debug|Any CPU
		{7AB52047-8E7E-4B62-AD13-197BE7002D9E}.Ad-Hoc|ARM.Deploy.0 = Debug|Any CPU
		{7AB52047-8E7E-4B62-AD13-197BE7002D9E}.Ad-Hoc|iPhone.ActiveCfg = Debug|Any CPU
		{7AB52047-8E7E-4B62-AD13-197BE7002D9E}.Ad-Hoc|iPhone.Build.0 = Debug|Any CPU
		{7AB52047-8E7E-4B62-AD13-197BE7002D9E}.Ad-Hoc|iPhone.Deploy.0 = Debug|Any CPU
		{7AB52047-8E7E-4B62-AD13-197BE7002D9E}.Ad-Hoc|iPhoneSimulator.ActiveCfg = Debug|Any CPU
		{7AB52047-8E7E-4B62-AD13-197BE7002D9E}.Ad-Hoc|iPhoneSimulator.Build.0 = Debug|Any CPU
		{7AB52047-8E7E-4B62-AD13-197BE7002D9E}.Ad-Hoc|iPhoneSimulator.Deploy.0 = Debug|Any CPU
		{7AB52047-8E7E-4B62-AD13-197BE7002D9E}.Ad-Hoc|x64.ActiveCfg = Debug|Any CPU
		{7AB52047-8E7E-4B62-AD13-197BE7002D9E}.Ad-Hoc|x64.Build.0 = Debug|Any CPU
		{7AB52047-8E7E-4B62-AD13-197BE7002D9E}.Ad-Hoc|x64.Deploy.0 = Debug|Any CPU
		{7AB52047-8E7E-4B62-AD13-197BE7002D9E}.Ad-Hoc|x86.ActiveCfg = Debug|Any CPU
		{7AB52047-8E7E-4B62-AD13-197BE7002D9E}.Ad-Hoc|x86.Build.0 = Debug|Any CPU
		{7AB52047-8E7E-4B62-AD13-197BE7002D9E}.Ad-Hoc|x86.Deploy.0 = Debug|Any CPU
		{7AB52047-8E7E-4B62-AD13-197BE7002D9E}.AppStore|Any CPU.ActiveCfg = Debug|Any CPU
		{7AB52047-8E7E-4B62-AD13-197BE7002D9E}.AppStore|Any CPU.Build.0 = Debug|Any CPU
		{7AB52047-8E7E-4B62-AD13-197BE7002D9E}.AppStore|Any CPU.Deploy.0 = Debug|Any CPU
		{7AB52047-8E7E-4B62-AD13-197BE7002D9E}.AppStore|ARM.ActiveCfg = Debug|Any CPU
		{7AB52047-8E7E-4B62-AD13-197BE7002D9E}.AppStore|ARM.Build.0 = Debug|Any CPU
		{7AB52047-8E7E-4B62-AD13-197BE7002D9E}.AppStore|ARM.Deploy.0 = Debug|Any CPU
		{7AB52047-8E7E-4B62-AD13-197BE7002D9E}.AppStore|iPhone.ActiveCfg = Debug|Any CPU
		{7AB52047-8E7E-4B62-AD13-197BE7002D9E}.AppStore|iPhone.Build.0 = Debug|Any CPU
		{7AB52047-8E7E-4B62-AD13-197BE7002D9E}.AppStore|iPhone.Deploy.0 = Debug|Any CPU
		{7AB52047-8E7E-4B62-AD13-197BE7002D9E}.AppStore|iPhoneSimulator.ActiveCfg = Debug|Any CPU
		{7AB52047-8E7E-4B62-AD13-197BE7002D9E}.AppStore|iPhoneSimulator.Build.0 = Debug|Any CPU
		{7AB52047-8E7E-4B62-AD13-197BE7002D9E}.AppStore|iPhoneSimulator.Deploy.0 = Debug|Any CPU
		{7AB52047-8E7E-4B62-AD13-197BE7002D9E}.AppStore|x64.ActiveCfg = Debug|Any CPU
		{7AB52047-8E7E-4B62-AD13-197BE7002D9E}.AppStore|x64.Build.0 = Debug|Any CPU
		{7AB52047-8E7E-4B62-AD13-197BE7002D9E}.AppStore|x64.Deploy.0 = Debug|Any CPU
		{7AB52047-8E7E-4B62-AD13-197BE7002D9E}.AppStore|x86.ActiveCfg = Debug|Any CPU
		{7AB52047-8E7E-4B62-AD13-197BE7002D9E}.AppStore|x86.Build.0 = Debug|Any CPU
		{7AB52047-8E7E-4B62-AD13-197BE7002D9E}.AppStore|x86.Deploy.0 = Debug|Any CPU
		{7AB52047-8E7E-4B62-AD13-197BE7002D9E}.Debug|Any CPU.ActiveCfg = Debug|Any CPU
		{7AB52047-8E7E-4B62-AD13-197BE7002D9E}.Debug|Any CPU.Build.0 = Debug|Any CPU
		{7AB52047-8E7E-4B62-AD13-197BE7002D9E}.Debug|Any CPU.Deploy.0 = Debug|Any CPU
		{7AB52047-8E7E-4B62-AD13-197BE7002D9E}.Debug|ARM.ActiveCfg = Debug|Any CPU
		{7AB52047-8E7E-4B62-AD13-197BE7002D9E}.Debug|ARM.Build.0 = Debug|Any CPU
		{7AB52047-8E7E-4B62-AD13-197BE7002D9E}.Debug|ARM.Deploy.0 = Debug|Any CPU
		{7AB52047-8E7E-4B62-AD13-197BE7002D9E}.Debug|iPhone.ActiveCfg = Debug|Any CPU
		{7AB52047-8E7E-4B62-AD13-197BE7002D9E}.Debug|iPhone.Build.0 = Debug|Any CPU
		{7AB52047-8E7E-4B62-AD13-197BE7002D9E}.Debug|iPhone.Deploy.0 = Debug|Any CPU
		{7AB52047-8E7E-4B62-AD13-197BE7002D9E}.Debug|iPhoneSimulator.ActiveCfg = Debug|Any CPU
		{7AB52047-8E7E-4B62-AD13-197BE7002D9E}.Debug|iPhoneSimulator.Build.0 = Debug|Any CPU
		{7AB52047-8E7E-4B62-AD13-197BE7002D9E}.Debug|iPhoneSimulator.Deploy.0 = Debug|Any CPU
		{7AB52047-8E7E-4B62-AD13-197BE7002D9E}.Debug|x64.ActiveCfg = Debug|Any CPU
		{7AB52047-8E7E-4B62-AD13-197BE7002D9E}.Debug|x64.Build.0 = Debug|Any CPU
		{7AB52047-8E7E-4B62-AD13-197BE7002D9E}.Debug|x64.Deploy.0 = Debug|Any CPU
		{7AB52047-8E7E-4B62-AD13-197BE7002D9E}.Debug|x86.ActiveCfg = Debug|Any CPU
		{7AB52047-8E7E-4B62-AD13-197BE7002D9E}.Debug|x86.Build.0 = Debug|Any CPU
		{7AB52047-8E7E-4B62-AD13-197BE7002D9E}.Debug|x86.Deploy.0 = Debug|Any CPU
		{7AB52047-8E7E-4B62-AD13-197BE7002D9E}.Release|Any CPU.ActiveCfg = Release|Any CPU
		{7AB52047-8E7E-4B62-AD13-197BE7002D9E}.Release|Any CPU.Build.0 = Release|Any CPU
		{7AB52047-8E7E-4B62-AD13-197BE7002D9E}.Release|Any CPU.Deploy.0 = Release|Any CPU
		{7AB52047-8E7E-4B62-AD13-197BE7002D9E}.Release|ARM.ActiveCfg = Release|Any CPU
		{7AB52047-8E7E-4B62-AD13-197BE7002D9E}.Release|ARM.Build.0 = Release|Any CPU
		{7AB52047-8E7E-4B62-AD13-197BE7002D9E}.Release|ARM.Deploy.0 = Release|Any CPU
		{7AB52047-8E7E-4B62-AD13-197BE7002D9E}.Release|iPhone.ActiveCfg = Release|Any CPU
		{7AB52047-8E7E-4B62-AD13-197BE7002D9E}.Release|iPhone.Build.0 = Release|Any CPU
		{7AB52047-8E7E-4B62-AD13-197BE7002D9E}.Release|iPhone.Deploy.0 = Release|Any CPU
		{7AB52047-8E7E-4B62-AD13-197BE7002D9E}.Release|iPhoneSimulator.ActiveCfg = Release|Any CPU
		{7AB52047-8E7E-4B62-AD13-197BE7002D9E}.Release|iPhoneSimulator.Build.0 = Release|Any CPU
		{7AB52047-8E7E-4B62-AD13-197BE7002D9E}.Release|iPhoneSimulator.Deploy.0 = Release|Any CPU
		{7AB52047-8E7E-4B62-AD13-197BE7002D9E}.Release|x64.ActiveCfg = Release|Any CPU
		{7AB52047-8E7E-4B62-AD13-197BE7002D9E}.Release|x64.Build.0 = Release|Any CPU
		{7AB52047-8E7E-4B62-AD13-197BE7002D9E}.Release|x64.Deploy.0 = Release|Any CPU
		{7AB52047-8E7E-4B62-AD13-197BE7002D9E}.Release|x86.ActiveCfg = Release|Any CPU
		{7AB52047-8E7E-4B62-AD13-197BE7002D9E}.Release|x86.Build.0 = Release|Any CPU
		{7AB52047-8E7E-4B62-AD13-197BE7002D9E}.Release|x86.Deploy.0 = Release|Any CPU
	EndGlobalSection
	GlobalSection(SolutionProperties) = preSolution
		HideSolutionNode = FALSE
	EndGlobalSection
	GlobalSection(ExtensibilityGlobals) = postSolution
		SolutionGuid = {B28FF738-F619-4817-81AC-BC3E039CCF02}
	EndGlobalSection
EndGlobal
